
Microsoft Visual Studio Solution File, Format Version 12.00
# Visual Studio Version 17
VisualStudioVersion = 17.9.34723.18
MinimumVisualStudioVersion = 10.0.40219.1
Project("{FAE04EC0-301F-11D3-BF4B-00C04F79EFBC}") = "XadrezLogica", "XadrezLogica\XadrezLogica.csproj", "{AC812DD5-559F-4B05-85FF-80748EA75826}"
EndProject
Project("{FAE04EC0-301F-11D3-BF4B-00C04F79EFBC}") = "XadrezUI", "XadrezUI\XadrezUI.csproj", "{72AB2C76-2FE4-4B6C-9DEE-820BC5FFEB44}"
EndProject
Global
	GlobalSection(SolutionConfigurationPlatforms) = preSolution
		Debug|Any CPU = Debug|Any CPU
		Release|Any CPU = Release|Any CPU
	EndGlobalSection
	GlobalSection(ProjectConfigurationPlatforms) = postSolution
		{AC812DD5-559F-4B05-85FF-80748EA75826}.Debug|Any CPU.ActiveCfg = Debug|Any CPU
		{AC812DD5-559F-4B05-85FF-80748EA75826}.Debug|Any CPU.Build.0 = Debug|Any CPU
		{AC812DD5-559F-4B05-85FF-80748EA75826}.Release|Any CPU.ActiveCfg = Release|Any CPU
		{AC812DD5-559F-4B05-85FF-80748EA75826}.Release|Any CPU.Build.0 = Release|Any CPU
		{72AB2C76-2FE4-4B6C-9DEE-820BC5FFEB44}.Debug|Any CPU.ActiveCfg = Debug|Any CPU
		{72AB2C76-2FE4-4B6C-9DEE-820BC5FFEB44}.Debug|Any CPU.Build.0 = Debug|Any CPU
		{72AB2C76-2FE4-4B6C-9DEE-820BC5FFEB44}.Release|Any CPU.ActiveCfg = Release|Any CPU
		{72AB2C76-2FE4-4B6C-9DEE-820BC5FFEB44}.Release|Any CPU.Build.0 = Release|Any CPU
	EndGlobalSection
	GlobalSection(SolutionProperties) = preSolution
		HideSolutionNode = FALSE
	EndGlobalSection
	GlobalSection(ExtensibilityGlobals) = postSolution
		SolutionGuid = {747EE886-ABF1-48C3-9681-69C22DB2EFC6}
	EndGlobalSection
EndGlobal
